// !$*UTF8*$!
{
	archiveVersion = 1;
	classes = {
	};
	objectVersion = 50;
	objects = {

/* Begin PBXBuildFile section */
		20A20CA12111827300C59F1E /* User.swift in Sources */ = {isa = PBXBuildFile; fileRef = 20A20CA02111827300C59F1E /* User.swift */; };
		20A20CA32111841000C59F1E /* Address.swift in Sources */ = {isa = PBXBuildFile; fileRef = 20A20CA22111841000C59F1E /* Address.swift */; };
		20A20CA52111984200C59F1E /* BankAccount.swift in Sources */ = {isa = PBXBuildFile; fileRef = 20A20CA42111984200C59F1E /* BankAccount.swift */; };
		20A20CA72111AFE300C59F1E /* AppDelegate.swift in Sources */ = {isa = PBXBuildFile; fileRef = 20A20CA62111AFE300C59F1E /* AppDelegate.swift */; };
		20A20CA9211628DE00C59F1E /* Main.storyboard in Resources */ = {isa = PBXBuildFile; fileRef = 20A20CA8211628DE00C59F1E /* Main.storyboard */; };
		82835186C299554C599FFAB3 /* Pods_UserGenerator.framework in Frameworks */ = {isa = PBXBuildFile; fileRef = 6C2BB94F3B4C15A3A760C95D /* Pods_UserGenerator.framework */; };
/* End PBXBuildFile section */

/* Begin PBXFileReference section */
		144A13FD824D56AA10F3545D /* Pods-UserGenerator.release.xcconfig */ = {isa = PBXFileReference; includeInIndex = 1; lastKnownFileType = text.xcconfig; name = "Pods-UserGenerator.release.xcconfig"; path = "Pods/Target Support Files/Pods-UserGenerator/Pods-UserGenerator.release.xcconfig"; sourceTree = "<group>"; };
		20A20C8A2111821900C59F1E /* UserGenerator.app */ = {isa = PBXFileReference; explicitFileType = wrapper.application; includeInIndex = 0; path = UserGenerator.app; sourceTree = BUILT_PRODUCTS_DIR; };
		20A20C992111821D00C59F1E /* Info.plist */ = {isa = PBXFileReference; lastKnownFileType = text.plist.xml; path = Info.plist; sourceTree = "<group>"; };
		20A20CA02111827300C59F1E /* User.swift */ = {isa = PBXFileReference; lastKnownFileType = sourcecode.swift; path = User.swift; sourceTree = "<group>"; };
		20A20CA22111841000C59F1E /* Address.swift */ = {isa = PBXFileReference; lastKnownFileType = sourcecode.swift; path = Address.swift; sourceTree = "<group>"; };
		20A20CA42111984200C59F1E /* BankAccount.swift */ = {isa = PBXFileReference; lastKnownFileType = sourcecode.swift; path = BankAccount.swift; sourceTree = "<group>"; };
		20A20CA62111AFE300C59F1E /* AppDelegate.swift */ = {isa = PBXFileReference; fileEncoding = 4; lastKnownFileType = sourcecode.swift; path = AppDelegate.swift; sourceTree = "<group>"; };
		20A20CA8211628DE00C59F1E /* Main.storyboard */ = {isa = PBXFileReference; fileEncoding = 4; lastKnownFileType = file.storyboard; path = Main.storyboard; sourceTree = "<group>"; };
		6C2BB94F3B4C15A3A760C95D /* Pods_UserGenerator.framework */ = {isa = PBXFileReference; explicitFileType = wrapper.framework; includeInIndex = 0; path = Pods_UserGenerator.framework; sourceTree = BUILT_PRODUCTS_DIR; };
		8996C49913DA7EC2BCEBDF5B /* Pods-UserGenerator.debug.xcconfig */ = {isa = PBXFileReference; includeInIndex = 1; lastKnownFileType = text.xcconfig; name = "Pods-UserGenerator.debug.xcconfig"; path = "Pods/Target Support Files/Pods-UserGenerator/Pods-UserGenerator.debug.xcconfig"; sourceTree = "<group>"; };
/* End PBXFileReference section */

/* Begin PBXFrameworksBuildPhase section */
		20A20C872111821900C59F1E /* Frameworks */ = {
			isa = PBXFrameworksBuildPhase;
			buildActionMask = 2147483647;
			files = (
				82835186C299554C599FFAB3 /* Pods_UserGenerator.framework in Frameworks */,
			);
			runOnlyForDeploymentPostprocessing = 0;
		};
/* End PBXFrameworksBuildPhase section */

/* Begin PBXGroup section */
		20A20C812111821900C59F1E = {
			isa = PBXGroup;
			children = (
				20A20C8C2111821900C59F1E /* UserGenerator */,
				20A20C8B2111821900C59F1E /* Products */,
				B399439C6AB92A49777B0A32 /* Pods */,
				8ABF097CA692FA9CD8923EDA /* Frameworks */,
			);
			sourceTree = "<group>";
		};
		20A20C8B2111821900C59F1E /* Products */ = {
			isa = PBXGroup;
			children = (
				20A20C8A2111821900C59F1E /* UserGenerator.app */,
			);
			name = Products;
			sourceTree = "<group>";
		};
		20A20C8C2111821900C59F1E /* UserGenerator */ = {
			isa = PBXGroup;
			children = (
				20A20C9F2111826000C59F1E /* Model */,
				20A20C992111821D00C59F1E /* Info.plist */,
			);
			path = UserGenerator;
			sourceTree = "<group>";
		};
		20A20C9F2111826000C59F1E /* Model */ = {
			isa = PBXGroup;
			children = (
				20A20CA02111827300C59F1E /* User.swift */,
				20A20CA22111841000C59F1E /* Address.swift */,
				20A20CA42111984200C59F1E /* BankAccount.swift */,
				20A20CA62111AFE300C59F1E /* AppDelegate.swift */,
				20A20CA8211628DE00C59F1E /* Main.storyboard */,
			);
			path = Model;
			sourceTree = "<group>";
		};
		8ABF097CA692FA9CD8923EDA /* Frameworks */ = {
			isa = PBXGroup;
			children = (
				6C2BB94F3B4C15A3A760C95D /* Pods_UserGenerator.framework */,
			);
			name = Frameworks;
			sourceTree = "<group>";
		};
		B399439C6AB92A49777B0A32 /* Pods */ = {
			isa = PBXGroup;
			children = (
				8996C49913DA7EC2BCEBDF5B /* Pods-UserGenerator.debug.xcconfig */,
				144A13FD824D56AA10F3545D /* Pods-UserGenerator.release.xcconfig */,
			);
			name = Pods;
			sourceTree = "<group>";
		};
/* End PBXGroup section */

/* Begin PBXNativeTarget section */
		20A20C892111821900C59F1E /* UserGenerator */ = {
			isa = PBXNativeTarget;
			buildConfigurationList = 20A20C9C2111821D00C59F1E /* Build configuration list for PBXNativeTarget "UserGenerator" */;
			buildPhases = (
				E234D6224E769BC3B5CA3967 /* [CP] Check Pods Manifest.lock */,
				20A20C862111821900C59F1E /* Sources */,
				20A20C872111821900C59F1E /* Frameworks */,
				20A20C882111821900C59F1E /* Resources */,
				AD8EFB4E9B044326D7662876 /* [CP] Embed Pods Frameworks */,
			);
			buildRules = (
			);
			dependencies = (
			);
			name = UserGenerator;
			productName = UserGenerator;
			productReference = 20A20C8A2111821900C59F1E /* UserGenerator.app */;
			productType = "com.apple.product-type.application";
		};
/* End PBXNativeTarget section */

/* Begin PBXProject section */
		20A20C822111821900C59F1E /* Project object */ = {
			isa = PBXProject;
			attributes = {
				LastSwiftUpdateCheck = 0940;
				LastUpgradeCheck = 0940;
				ORGANIZATIONNAME = "Yves Songolo";
				TargetAttributes = {
					20A20C892111821900C59F1E = {
						CreatedOnToolsVersion = 9.4.1;
					};
				};
			};
			buildConfigurationList = 20A20C852111821900C59F1E /* Build configuration list for PBXProject "UserGenerator" */;
			compatibilityVersion = "Xcode 9.3";
			developmentRegion = en;
			hasScannedForEncodings = 0;
			knownRegions = (
				en,
				Base,
			);
			mainGroup = 20A20C812111821900C59F1E;
			productRefGroup = 20A20C8B2111821900C59F1E /* Products */;
			projectDirPath = "";
			projectRoot = "";
			targets = (
				20A20C892111821900C59F1E /* UserGenerator */,
			);
		};
/* End PBXProject section */

/* Begin PBXResourcesBuildPhase section */
		20A20C882111821900C59F1E /* Resources */ = {
			isa = PBXResourcesBuildPhase;
			buildActionMask = 2147483647;
			files = (
				20A20CA9211628DE00C59F1E /* Main.storyboard in Resources */,
			);
			runOnlyForDeploymentPostprocessing = 0;
		};
/* End PBXResourcesBuildPhase section */

/* Begin PBXShellScriptBuildPhase section */
		AD8EFB4E9B044326D7662876 /* [CP] Embed Pods Frameworks */ = {
			isa = PBXShellScriptBuildPhase;
			buildActionMask = 2147483647;
			files = (
			);
			inputPaths = (
				"${SRCROOT}/Pods/Target Support Files/Pods-UserGenerator/Pods-UserGenerator-frameworks.sh",
				"${BUILT_PRODUCTS_DIR}/Fakery/Fakery.framework",
			);
			name = "[CP] Embed Pods Frameworks";
			outputPaths = (
				"${TARGET_BUILD_DIR}/${FRAMEWORKS_FOLDER_PATH}/Fakery.framework",
			);
			runOnlyForDeploymentPostprocessing = 0;
			shellPath = /bin/sh;
			shellScript = "\"${SRCROOT}/Pods/Target Support Files/Pods-UserGenerator/Pods-UserGenerator-frameworks.sh\"\n";
			showEnvVarsInLog = 0;
		};
		E234D6224E769BC3B5CA3967 /* [CP] Check Pods Manifest.lock */ = {
			isa = PBXShellScriptBuildPhase;
			buildActionMask = 2147483647;
			files = (
			);
			inputPaths = (
				"${PODS_PODFILE_DIR_PATH}/Podfile.lock",
				"${PODS_ROOT}/Manifest.lock",
			);
			name = "[CP] Check Pods Manifest.lock";
			outputPaths = (
				"$(DERIVED_FILE_DIR)/Pods-UserGenerator-checkManifestLockResult.txt",
			);
			runOnlyForDeploymentPostprocessing = 0;
			shellPath = /bin/sh;
			shellScript = "diff \"${PODS_PODFILE_DIR_PATH}/Podfile.lock\" \"${PODS_ROOT}/Manifest.lock\" > /dev/null\nif [ $? != 0 ] ; then\n    # print error to STDERR\n    echo \"error: The sandbox is not in sync with the Podfile.lock. Run 'pod install' or update your CocoaPods installation.\" >&2\n    exit 1\nfi\n# This output is used by Xcode 'outputs' to avoid re-running this script phase.\necho \"SUCCESS\" > \"${SCRIPT_OUTPUT_FILE_0}\"\n";
			showEnvVarsInLog = 0;
		};
/* End PBXShellScriptBuildPhase section */

/* Begin PBXSourcesBuildPhase section */
		20A20C862111821900C59F1E /* Sources */ = {
			isa = PBXSourcesBuildPhase;
			buildActionMask = 2147483647;
			files = (
				20A20CA72111AFE300C59F1E /* AppDelegate.swift in Sources */,
				20A20CA52111984200C59F1E /* BankAccount.swift in Sources */,
				20A20CA32111841000C59F1E /* Address.swift in Sources */,
				20A20CA12111827300C59F1E /* User.swift in Sources */,
			);
			runOnlyForDeploymentPostprocessing = 0;
		};
/* End PBXSourcesBuildPhase section */

/* Begin XCBuildConfiguration section */
		20A20C9A2111821D00C59F1E /* Debug */ = {
			isa = XCBuildConfiguration;
			buildSettings = {
				ALWAYS_SEARCH_USER_PATHS = NO;
				CLANG_ANALYZER_NONNULL = YES;
				CLANG_ANALYZER_NUMBER_OBJECT_CONVERSION = YES_AGGRESSIVE;
				CLANG_CXX_LANGUAGE_STANDARD = "gnu++14";
				CLANG_CXX_LIBRARY = "libc++";
				CLANG_ENABLE_MODULES = YES;
				CLANG_ENABLE_OBJC_ARC = YES;
				CLANG_ENABLE_OBJC_WEAK = YES;
				CLANG_WARN_BLOCK_CAPTURE_AUTORELEASING = YES;
				CLANG_WARN_BOOL_CONVERSION = YES;
				CLANG_WARN_COMMA = YES;
				CLANG_WARN_CONSTANT_CONVERSION = YES;
				CLANG_WARN_DEPRECATED_OBJC_IMPLEMENTATIONS = YES;
				CLANG_WARN_DIRECT_OBJC_ISA_USAGE = YES_ERROR;
				CLANG_WARN_DOCUMENTATION_COMMENTS = YES;
				CLANG_WARN_EMPTY_BODY = YES;
				CLANG_WARN_ENUM_CONVERSION = YES;
				CLANG_WARN_INFINITE_RECURSION = YES;
				CLANG_WARN_INT_CONVERSION = YES;
				CLANG_WARN_NON_LITERAL_NULL_CONVERSION = YES;
				CLANG_WARN_OBJC_IMPLICIT_RETAIN_SELF = YES;
				CLANG_WARN_OBJC_LITERAL_CONVERSION = YES;
				CLANG_WARN_OBJC_ROOT_CLASS = YES_ERROR;
				CLANG_WARN_RANGE_LOOP_ANALYSIS = YES;
				CLANG_WARN_STRICT_PROTOTYPES = YES;
				CLANG_WARN_SUSPICIOUS_MOVE = YES;
				CLANG_WARN_UNGUARDED_AVAILABILITY = YES_AGGRESSIVE;
				CLANG_WARN_UNREACHABLE_CODE = YES;
				CLANG_WARN__DUPLICATE_METHOD_MATCH = YES;
				CODE_SIGN_IDENTITY = "iPhone Developer";
				COPY_PHASE_STRIP = NO;
				DEBUG_INFORMATION_FORMAT = dwarf;
				ENABLE_STRICT_OBJC_MSGSEND = YES;
				ENABLE_TESTABILITY = YES;
				GCC_C_LANGUAGE_STANDARD = gnu11;
				GCC_DYNAMIC_NO_PIC = NO;
				GCC_NO_COMMON_BLOCKS = YES;
				GCC_OPTIMIZATION_LEVEL = 0;
				GCC_PREPROCESSOR_DEFINITIONS = (
					"DEBUG=1",
					"$(inherited)",
				);
				GCC_WARN_64_TO_32_BIT_CONVERSION = YES;
				GCC_WARN_ABOUT_RETURN_TYPE = YES_ERROR;
				GCC_WARN_UNDECLARED_SELECTOR = YES;
				GCC_WARN_UNINITIALIZED_AUTOS = YES_AGGRESSIVE;
				GCC_WARN_UNUSED_FUNCTION = YES;
				GCC_WARN_UNUSED_VARIABLE = YES;
				IPHONEOS_DEPLOYMENT_TARGET = 11.4;
				MTL_ENABLE_DEBUG_INFO = YES;
				ONLY_ACTIVE_ARCH = YES;
				SDKROOT = iphoneos;
				SWIFT_ACTIVE_COMPILATION_CONDITIONS = DEBUG;
				SWIFT_OPTIMIZATION_LEVEL = "-Onone";
			};
			name = Debug;
		};
		20A20C9B2111821D00C59F1E /* Release */ = {
			isa = XCBuildConfiguration;
			buildSettings = {
				ALWAYS_SEARCH_USER_PATHS = NO;
				CLANG_ANALYZER_NONNULL = YES;
				CLANG_ANALYZER_NUMBER_OBJECT_CONVERSION = YES_AGGRESSIVE;
				CLANG_CXX_LANGUAGE_STANDARD = "gnu++14";
				CLANG_CXX_LIBRARY = "libc++";
				CLANG_ENABLE_MODULES = YES;
				CLANG_ENABLE_OBJC_ARC = YES;
				CLANG_ENABLE_OBJC_WEAK = YES;
				CLANG_WARN_BLOCK_CAPTURE_AUTORELEASING = YES;
				CLANG_WARN_BOOL_CONVERSION = YES;
				CLANG_WARN_COMMA = YES;
				CLANG_WARN_CONSTANT_CONVERSION = YES;
				CLANG_WARN_DEPRECATED_OBJC_IMPLEMENTATIONS = YES;
				CLANG_WARN_DIRECT_OBJC_ISA_USAGE = YES_ERROR;
				CLANG_WARN_DOCUMENTATION_COMMENTS = YES;
				CLANG_WARN_EMPTY_BODY = YES;
				CLANG_WARN_ENUM_CONVERSION = YES;
				CLANG_WARN_INFINITE_RECURSION = YES;
				CLANG_WARN_INT_CONVERSION = YES;
				CLANG_WARN_NON_LITERAL_NULL_CONVERSION = YES;
				CLANG_WARN_OBJC_IMPLICIT_RETAIN_SELF = YES;
				CLANG_WARN_OBJC_LITERAL_CONVERSION = YES;
				CLANG_WARN_OBJC_ROOT_CLASS = YES_ERROR;
				CLANG_WARN_RANGE_LOOP_ANALYSIS = YES;
				CLANG_WARN_STRICT_PROTOTYPES = YES;
				CLANG_WARN_SUSPICIOUS_MOVE = YES;
				CLANG_WARN_UNGUARDED_AVAILABILITY = YES_AGGRESSIVE;
				CLANG_WARN_UNREACHABLE_CODE = YES;
				CLANG_WARN__DUPLICATE_METHOD_MATCH = YES;
				CODE_SIGN_IDENTITY = "iPhone Developer";
				COPY_PHASE_STRIP = NO;
				DEBUG_INFORMATION_FORMAT = "dwarf-with-dsym";
				ENABLE_NS_ASSERTIONS = NO;
				ENABLE_STRICT_OBJC_MSGSEND = YES;
				GCC_C_LANGUAGE_STANDARD = gnu11;
				GCC_NO_COMMON_BLOCKS = YES;
				GCC_WARN_64_TO_32_BIT_CONVERSION = YES;
				GCC_WARN_ABOUT_RETURN_TYPE = YES_ERROR;
				GCC_WARN_UNDECLARED_SELECTOR = YES;
				GCC_WARN_UNINITIALIZED_AUTOS = YES_AGGRESSIVE;
				GCC_WARN_UNUSED_FUNCTION = YES;
				GCC_WARN_UNUSED_VARIABLE = YES;
				IPHONEOS_DEPLOYMENT_TARGET = 11.4;
				MTL_ENABLE_DEBUG_INFO = NO;
				SDKROOT = iphoneos;
				SWIFT_COMPILATION_MODE = wholemodule;
				SWIFT_OPTIMIZATION_LEVEL = "-O";
				VALIDATE_PRODUCT = YES;
			};
			name = Release;
		};
		20A20C9D2111821D00C59F1E /* Debug */ = {
			isa = XCBuildConfiguration;
			baseConfigurationReference = 8996C49913DA7EC2BCEBDF5B /* Pods-UserGenerator.debug.xcconfig */;
			buildSettings = {
				ASSETCATALOG_COMPILER_APPICON_NAME = AppIcon;
				CODE_SIGN_STYLE = Automatic;
				INFOPLIST_FILE = UserGenerator/Info.plist;
				LD_RUNPATH_SEARCH_PATHS = (
					"$(inherited)",
					"@executable_path/Frameworks",
				);
				PRODUCT_BUNDLE_IDENTIFIER = yveslym.UserGenerator;
				PRODUCT_NAME = "$(TARGET_NAME)";
				SWIFT_VERSION = 4.0;
				TARGETED_DEVICE_FAMILY = "1,2";
			};
			name = Debug;
		};
		20A20C9E2111821D00C59F1E /* Release */ = {
			isa = XCBuildConfiguration;
			baseConfigurationReference = 144A13FD824D56AA10F3545D /* Pods-UserGenerator.release.xcconfig */;
			buildSettings = {
				ASSETCATALOG_COMPILER_APPICON_NAME = AppIcon;
				CODE_SIGN_STYLE = Automatic;
				INFOPLIST_FILE = UserGenerator/Info.plist;
				LD_RUNPATH_SEARCH_PATHS = (
					"$(inherited)",
					"@executable_path/Frameworks",
				);
				PRODUCT_BUNDLE_IDENTIFIER = yveslym.UserGenerator;
				PRODUCT_NAME = "$(TARGET_NAME)";
				SWIFT_VERSION = 4.0;
				TARGETED_DEVICE_FAMILY = "1,2";
			};
			name = Release;
		};
/* End XCBuildConfiguration section */

/* Begin XCConfigurationList section */
		20A20C852111821900C59F1E /* Build configuration list for PBXProject "UserGenerator" */ = {
			isa = XCConfigurationList;
			buildConfigurations = (
				20A20C9A2111821D00C59F1E /* Debug */,
				20A20C9B2111821D00C59F1E /* Release */,
			);
			defaultConfigurationIsVisible = 0;
			defaultConfigurationName = Release;
		};
		20A20C9C2111821D00C59F1E /* Build configuration list for PBXNativeTarget "UserGenerator" */ = {
			isa = XCConfigurationList;
			buildConfigurations = (
				20A20C9D2111821D00C59F1E /* Debug */,
				20A20C9E2111821D00C59F1E /* Release */,
			);
			defaultConfigurationIsVisible = 0;
			defaultConfigurationName = Release;
		};
/* End XCConfigurationList section */
	};
	rootObject = 20A20C822111821900C59F1E /* Project object */;
}
